
Microsoft Visual Studio Solution File, Format Version 12.00
# Visual Studio 15
VisualStudioVersion = 15.0.26730.12
MinimumVisualStudioVersion = 10.0.40219.1
Project("{FAE04EC0-301F-11D3-BF4B-00C04F79EFBC}") = "JenkinsOps", "JenkinsOps\JenkinsOps.csproj", "{B1AE2D89-E3F6-417C-91B9-C9382D38431D}"
EndProject
Project("{FAE04EC0-301F-11D3-BF4B-00C04F79EFBC}") = "TeamExplorerOps", "TeamExplorerOps\TeamExplorerOps.csproj", "{1A30B04A-1285-4099-A1E4-42678ACC37FC}"
EndProject
Global
	GlobalSection(SolutionConfigurationPlatforms) = preSolution
		Debug|Any CPU = Debug|Any CPU
		Release|Any CPU = Release|Any CPU
	EndGlobalSection
	GlobalSection(ProjectConfigurationPlatforms) = postSolution
		{B1AE2D89-E3F6-417C-91B9-C9382D38431D}.Debug|Any CPU.ActiveCfg = Debug|Any CPU
		{B1AE2D89-E3F6-417C-91B9-C9382D38431D}.Debug|Any CPU.Build.0 = Debug|Any CPU
		{B1AE2D89-E3F6-417C-91B9-C9382D38431D}.Release|Any CPU.ActiveCfg = Release|Any CPU
		{B1AE2D89-E3F6-417C-91B9-C9382D38431D}.Release|Any CPU.Build.0 = Release|Any CPU
		{1A30B04A-1285-4099-A1E4-42678ACC37FC}.Debug|Any CPU.ActiveCfg = Debug|Any CPU
		{1A30B04A-1285-4099-A1E4-42678ACC37FC}.Debug|Any CPU.Build.0 = Debug|Any CPU
		{1A30B04A-1285-4099-A1E4-42678ACC37FC}.Release|Any CPU.ActiveCfg = Release|Any CPU
		{1A30B04A-1285-4099-A1E4-42678ACC37FC}.Release|Any CPU.Build.0 = Release|Any CPU
	EndGlobalSection
	GlobalSection(SolutionProperties) = preSolution
		HideSolutionNode = FALSE
	EndGlobalSection
	GlobalSection(ExtensibilityGlobals) = postSolution
		SolutionGuid = {CA2BA508-A10D-4E5B-ABE5-5C4EA768836E}
	EndGlobalSection
EndGlobal
