
Microsoft Visual Studio Solution File, Format Version 12.00
# Visual Studio 15
VisualStudioVersion = 15.0.26730.12
MinimumVisualStudioVersion = 10.0.40219.1
Project("{FAE04EC0-301F-11D3-BF4B-00C04F79EFBC}") = "RestService", "RestService\RestService.csproj", "{F8D363D5-F1CF-4889-9D67-6CFBCAE79A25}"
EndProject
Project("{FAE04EC0-301F-11D3-BF4B-00C04F79EFBC}") = "RestApi", "RestApi\RestApi.csproj", "{A2C560C4-0FE4-4DAA-9D37-A3BAE2E7C84C}"
EndProject
Global
	GlobalSection(SolutionConfigurationPlatforms) = preSolution
		Debug|Any CPU = Debug|Any CPU
		Release|Any CPU = Release|Any CPU
	EndGlobalSection
	GlobalSection(ProjectConfigurationPlatforms) = postSolution
		{F8D363D5-F1CF-4889-9D67-6CFBCAE79A25}.Debug|Any CPU.ActiveCfg = Debug|Any CPU
		{F8D363D5-F1CF-4889-9D67-6CFBCAE79A25}.Debug|Any CPU.Build.0 = Debug|Any CPU
		{F8D363D5-F1CF-4889-9D67-6CFBCAE79A25}.Release|Any CPU.ActiveCfg = Release|Any CPU
		{F8D363D5-F1CF-4889-9D67-6CFBCAE79A25}.Release|Any CPU.Build.0 = Release|Any CPU
		{A2C560C4-0FE4-4DAA-9D37-A3BAE2E7C84C}.Debug|Any CPU.ActiveCfg = Debug|Any CPU
		{A2C560C4-0FE4-4DAA-9D37-A3BAE2E7C84C}.Debug|Any CPU.Build.0 = Debug|Any CPU
		{A2C560C4-0FE4-4DAA-9D37-A3BAE2E7C84C}.Release|Any CPU.ActiveCfg = Release|Any CPU
		{A2C560C4-0FE4-4DAA-9D37-A3BAE2E7C84C}.Release|Any CPU.Build.0 = Release|Any CPU
	EndGlobalSection
	GlobalSection(SolutionProperties) = preSolution
		HideSolutionNode = FALSE
	EndGlobalSection
	GlobalSection(ExtensibilityGlobals) = postSolution
		SolutionGuid = {843E5A37-BC63-43CB-BB43-165044AAD16D}
	EndGlobalSection
EndGlobal
