
Microsoft Visual Studio Solution File, Format Version 12.00
# Visual Studio 15
VisualStudioVersion = 15.0.26730.12
MinimumVisualStudioVersion = 10.0.40219.1
Project("{FAE04EC0-301F-11D3-BF4B-00C04F79EFBC}") = "ClassSchedule2.0", "ClassSchedule2.0\ClassSchedule2.0.csproj", "{973F9F7B-C428-4E7E-831C-830BC2ADA3A8}"
EndProject
Project("{FAE04EC0-301F-11D3-BF4B-00C04F79EFBC}") = "ClassSchedule2.0.Tests", "ClassSchedule2.0.Tests\ClassSchedule2.0.Tests.csproj", "{8B0ADADB-E10A-48A1-9A6E-7F410866C131}"
EndProject
Global
	GlobalSection(SolutionConfigurationPlatforms) = preSolution
		Debug|Any CPU = Debug|Any CPU
		Release|Any CPU = Release|Any CPU
	EndGlobalSection
	GlobalSection(ProjectConfigurationPlatforms) = postSolution
		{973F9F7B-C428-4E7E-831C-830BC2ADA3A8}.Debug|Any CPU.ActiveCfg = Debug|Any CPU
		{973F9F7B-C428-4E7E-831C-830BC2ADA3A8}.Debug|Any CPU.Build.0 = Debug|Any CPU
		{973F9F7B-C428-4E7E-831C-830BC2ADA3A8}.Release|Any CPU.ActiveCfg = Release|Any CPU
		{973F9F7B-C428-4E7E-831C-830BC2ADA3A8}.Release|Any CPU.Build.0 = Release|Any CPU
		{8B0ADADB-E10A-48A1-9A6E-7F410866C131}.Debug|Any CPU.ActiveCfg = Debug|Any CPU
		{8B0ADADB-E10A-48A1-9A6E-7F410866C131}.Debug|Any CPU.Build.0 = Debug|Any CPU
		{8B0ADADB-E10A-48A1-9A6E-7F410866C131}.Release|Any CPU.ActiveCfg = Release|Any CPU
		{8B0ADADB-E10A-48A1-9A6E-7F410866C131}.Release|Any CPU.Build.0 = Release|Any CPU
	EndGlobalSection
	GlobalSection(SolutionProperties) = preSolution
		HideSolutionNode = FALSE
	EndGlobalSection
	GlobalSection(ExtensibilityGlobals) = postSolution
		SolutionGuid = {A51E778F-C82E-493F-AED1-783FEE1DE941}
	EndGlobalSection
EndGlobal
